{
    "_meta": {
        "hash": {
            "sha256": "dd147133c22e52c160f3c6b154b60ea29cdc8c7877ad7f5c2b2da87acead8104"
        },
        "pipfile-spec": 6,
        "requires": {
            "python_version": "3.9"
        },
        "sources": [
            {
                "name": "pypi",
                "url": "https://pypi.org/simple",
                "verify_ssl": true
            }
        ]
    },
    "default": {
        "cerberus": {
            "hashes": [
                "sha256:d1b21b3954b2498d9a79edf16b3170a3ac1021df88d197dc2ce5928ba519237c"
            ],
            "index": "pypi",
            "version": "==1.3.4"
        },
        "setuptools": {
            "hashes": [
                "sha256:5df61bf30bb10c6f756eb19e7c9f3b473051f48db77fddbe06ff2ca307df9a6f",
                "sha256:62642358adc77ffa87233bc4d2354c4b2682d214048f500964dbe760ccedf102"
            ],
            "markers": "python_version >= '3.7'",
            "version": "==67.8.0"
        }
    },
    "develop": {}
}
